# This file is automatically @generated by Cargo.
# It is not intended for manual editing.
[[package]]
name = "configuration"
version = "0.1.0"

[[package]]
name = "execution"
version = "0.1.0"

[[package]]
name = "query-planner"
version = "0.1.0"

[[package]]
name = "router"
version = "0.1.0"
dependencies = [
 "configuration",
 "execution",
 "query-planner",
 "server",
]

[[package]]
name = "server"
version = "0.1.0"
